
Microsoft Visual Studio Solution File, Format Version 12.00
# Visual Studio Version 17
VisualStudioVersion = 17.7.34202.233
MinimumVisualStudioVersion = 10.0.40219.1
Project("{FAE04EC0-301F-11D3-BF4B-00C04F79EFBC}") = "AzureBlobStorage", "AzureBlobStorage\AzureBlobStorage.csproj", "{0AEA9D02-A560-4CF6-80F4-093329DCCC63}"
EndProject
Global
	GlobalSection(SolutionConfigurationPlatforms) = preSolution
		Debug|Any CPU = Debug|Any CPU
		Release|Any CPU = Release|Any CPU
	EndGlobalSection
	GlobalSection(ProjectConfigurationPlatforms) = postSolution
		{0AEA9D02-A560-4CF6-80F4-093329DCCC63}.Debug|Any CPU.ActiveCfg = Debug|Any CPU
		{0AEA9D02-A560-4CF6-80F4-093329DCCC63}.Debug|Any CPU.Build.0 = Debug|Any CPU
		{0AEA9D02-A560-4CF6-80F4-093329DCCC63}.Release|Any CPU.ActiveCfg = Release|Any CPU
		{0AEA9D02-A560-4CF6-80F4-093329DCCC63}.Release|Any CPU.Build.0 = Release|Any CPU
	EndGlobalSection
	GlobalSection(SolutionProperties) = preSolution
		HideSolutionNode = FALSE
	EndGlobalSection
	GlobalSection(ExtensibilityGlobals) = postSolution
		SolutionGuid = {A8B281BF-11B9-48C2-9CE3-B3A154676C02}
	EndGlobalSection
EndGlobal
